lockfileVersion: 5.4

specifiers:
  esbuild: ^0.18.1

dependencies:
  esbuild: 0.18.1

packages:

  /@esbuild/android-arm/0.18.1:
    resolution: {integrity: sha512-8+QS98jqdreHLvCojIke8NjcuelB+Osysazr15EhkUIuG0Ov5WK26XgPYWViCTjHnKQxbpS86/JryBOkEpyrBA==}
    engines: {node: '>=12'}
    cpu: [arm]
    os: [android]
    requiresBuild: true
    dev: false
    optional: true

  /@esbuild/android-arm64/0.18.1:
    resolution: {integrity: sha512-l5V0IWGTYfQMzl4ulgIHKMZPwabIS4a39ZvtkPwL6LYiX3UtL76sylA6eFKufJCB43mwEYqbXoBSMn++NpxILw==}
    engines: {node: '>=12'}
    cpu: [arm64]
    os: [android]
    requiresBuild: true
    dev: false
    optional: true

  /@esbuild/android-x64/0.18.1:
    resolution: {integrity: sha512-1y8/bRek6EYxQeGTUfwL2mmj6NAeXZ3h5YSc4W2Y/kduI1B8VhT4x5X0VxrcGkIKef4N5qCdziRxvei/YUfESg==}
    engines: {node: '>=12'}
    cpu: [x64]
    os: [android]
    requiresBuild: true
    dev: false
    optional: true

  /@esbuild/darwin-arm64/0.18.1:
    resolution: {integrity: sha512-FFT/on9qQTOntdloQvgfwFkRhNI5l/TCNXZS1CpH6JQd0boR637aThi9g9FYs4o31Ao72/jPZFDiRln5Cu6R2A==}
    engines: {node: '>=12'}
    cpu: [arm64]
    os: [darwin]
    requiresBuild: true
    dev: false
    optional: true

  /@esbuild/darwin-x64/0.18.1:
    resolution: {integrity: sha512-p/ZIUt+NlW8qRNVTXoKJgRuc49teazvmXBquoGOm5D6IAimTfWJVJrEivqpoMKyDS/0/PxDMRM2lrkxlSa7XeQ==}
    engines: {node: '>=12'}
    cpu: [x64]
    os: [darwin]
    requiresBuild: true
    dev: false
    optional: true

  /@esbuild/freebsd-arm64/0.18.1:
    resolution: {integrity: sha512-eYUDR3thO96ULRf4rJcG9TJ/sQc6Z/YNe16mC/KvVeAOtzmeTXiPMETEv/iMqTCxZhYkHyQG/mYbAxPBWC2mcg==}
    engines: {node: '>=12'}
    cpu: [arm64]
    os: [freebsd]
    requiresBuild: true
    dev: false
    optional: true

  /@esbuild/freebsd-x64/0.18.1:
    resolution: {integrity: sha512-w03zjxyg51qktv0JKsV+AbY3uSb1Awifs8IkKQSUXdP3sdPxxmPzZLrlJ1+LjKZRiSa4yP/Haayi/hriNVoIdQ==}
    engines: {node: '>=12'}
    cpu: [x64]
    os: [freebsd]
    requiresBuild: true
    dev: false
    optional: true

  /@esbuild/linux-arm/0.18.1:
    resolution: {integrity: sha512-d6FXeb8F/cuXtSZuVHQN0Rz3gs3g2Xy/M4KJJRzbKsBx3pwCQuRdSrYxcr7g0PFN8geIOspiLQnUzwONyMA3Bw==}
    engines: {node: '>=12'}
    cpu: [arm]
    os: [linux]
    requiresBuild: true
    dev: false
    optional: true

  /@esbuild/linux-arm64/0.18.1:
    resolution: {integrity: sha512-dHlvkKAVlYNt5LPg1GUha99QiaEGKEC21zpHVAxs7hhW6EkR8nN3iWmyndGXxVJm4K7e4lKAzl8ekPqSr5gAXQ==}
    engines: {node: '>=12'}
    cpu: [arm64]
    os: [linux]
    requiresBuild: true
    dev: false
    optional: true

  /@esbuild/linux-ia32/0.18.1:
    resolution: {integrity: sha512-QHS4duBPuAsLZP82sNeoqTXAJ1mNU4QcfmYtBN/jNvQJXb6n0im8F4ljFSAQbivt1jl1OnKL8HhlLUeKY75nLg==}
    engines: {node: '>=12'}
    cpu: [ia32]
    os: [linux]
    requiresBuild: true
    dev: false
    optional: true

  /@esbuild/linux-loong64/0.18.1:
    resolution: {integrity: sha512-g4YSiF/qBvXvJhSowxaR7Ei/79otL48Qfjviuo+FpXREykA9nSe407T5ZvezFXryFgdf44Fe8lWpjvtQ+n42cQ==}
    engines: {node: '>=12'}
    cpu: [loong64]
    os: [linux]
    requiresBuild: true
    dev: false
    optional: true

  /@esbuild/linux-mips64el/0.18.1:
    resolution: {integrity: sha512-/G1fzmaR5u2S9wgQhiQEhWRct0+GMpuNjhll59uv5Tjojlma9MUPinVnvpw9Re+Idb6gxe6kmzUxFP2YkC/svg==}
    engines: {node: '>=12'}
    cpu: [mips64el]
    os: [linux]
    requiresBuild: true
    dev: false
    optional: true

  /@esbuild/linux-ppc64/0.18.1:
    resolution: {integrity: sha512-NkDjIvleUc3lSV1VI3QE9Oh5mz3nY11H5TCbi4DJ8X09FGwHN5pDVXdAsQYPGjlt/frXZzq6x7vMmTOb5VyBog==}
    engines: {node: '>=12'}
    cpu: [ppc64]
    os: [linux]
    requiresBuild: true
    dev: false
    optional: true

  /@esbuild/linux-riscv64/0.18.1:
    resolution: {integrity: sha512-IhN7Nz+HyDRnMQOLcCl6m5BgQMITMhS9O1hOqgAUIy6FI0m/0zTSkZHtvMmSIpOy1uleaGqfNDA9SM3nBeTATQ==}
    engines: {node: '>=12'}
    cpu: [riscv64]
    os: [linux]
    requiresBuild: true
    dev: false
    optional: true

  /@esbuild/linux-s390x/0.18.1:
    resolution: {integrity: sha512-u9iRg0eUUIyBbg5hANvRBYRaAnhVemAA2+pi3IgrzQTMeR/uPHQtJI3XInNZkNR6ACA4Fdl8N941p81XygeqWQ==}
    engines: {node: '>=12'}
    cpu: [s390x]
    os: [linux]
    requiresBuild: true
    dev: false
    optional: true

  /@esbuild/linux-x64/0.18.1:
    resolution: {integrity: sha512-0QeWU0a0+RmxPCDt+plXS7/hVMJtfde/LaSzs6X3UTr4FYA0hYpnwDzGXxumcPLzt5c8ctugPuKat0tmRb7noQ==}
    engines: {node: '>=12'}
    cpu: [x64]
    os: [linux]
    requiresBuild: true
    dev: false
    optional: true

  /@esbuild/netbsd-x64/0.18.1:
    resolution: {integrity: sha512-eFL7sxibN8wKuwrRf3HRkcjELALlfl/TavJ8P4J+BJfnkXOITF7zx4tTmGkzK8OwAR9snT2kEfp1Ictc80atGw==}
    engines: {node: '>=12'}
    cpu: [x64]
    os: [netbsd]
    requiresBuild: true
    dev: false
    optional: true

  /@esbuild/openbsd-x64/0.18.1:
    resolution: {integrity: sha512-riCQUnngF2xYUzr0XDdrGEEz0nqnocch0No7SBIQM22wTRi5gt5WqTQexGd/2u2Z19d0rVYQbKBelaJ1dwe9bg==}
    engines: {node: '>=12'}
    cpu: [x64]
    os: [openbsd]
    requiresBuild: true
    dev: false
    optional: true

  /@esbuild/sunos-x64/0.18.1:
    resolution: {integrity: sha512-6lTop2k+GMkWlrwMy2+55xIBXKfXOi6uzWYypXZZP8HxXG3Mb5N4O71z2KzisVNJtYK2VlQRNbmGtUzIQIhHAw==}
    engines: {node: '>=12'}
    cpu: [x64]
    os: [sunos]
    requiresBuild: true
    dev: false
    optional: true

  /@esbuild/win32-arm64/0.18.1:
    resolution: {integrity: sha512-d6wt4g9GluZp7xCmgpm7gY6wy0mjcBHbKeeK9MYrlWNFJd8KBcD2uCil8kFuaH3Dt6AUz62D0wIoDETFsZ01Tg==}
    engines: {node: '>=12'}
    cpu: [arm64]
    os: [win32]
    requiresBuild: true
    dev: false
    optional: true

  /@esbuild/win32-ia32/0.18.1:
    resolution: {integrity: sha512-z51DOtcwECu4WlqJUhu39AVnnpaVmTvXei0EQxc99QK7ZJyn4tj0EelYkMBZckpqzqB/GyGSLwEclKtRJ0l2uw==}
    engines: {node: '>=12'}
    cpu: [ia32]
    os: [win32]
    requiresBuild: true
    dev: false
    optional: true

  /@esbuild/win32-x64/0.18.1:
    resolution: {integrity: sha512-6tdeuCLT+l9QuCFaYsNtULO6xH2fgJObvICMCsOZvkqIey6FUXVVju5aO+OZjxswy7WgKadhI1k/nq2wQSmB+Q==}
    engines: {node: '>=12'}
    cpu: [x64]
    os: [win32]
    requiresBuild: true
    dev: false
    optional: true

  /esbuild/0.18.1:
    resolution: {integrity: sha512-ZUvsIx2wPjpj86b805UwbGJu47Kxgr2UTio9rGhWpBr1oOVk88exzoieOgTweX0UcVCwSAk3z2WvNALpTcpQZw==}
    engines: {node: '>=12'}
    hasBin: true
    requiresBuild: true
    optionalDependencies:
      '@esbuild/android-arm': 0.18.1
      '@esbuild/android-arm64': 0.18.1
      '@esbuild/android-x64': 0.18.1
      '@esbuild/darwin-arm64': 0.18.1
      '@esbuild/darwin-x64': 0.18.1
      '@esbuild/freebsd-arm64': 0.18.1
      '@esbuild/freebsd-x64': 0.18.1
      '@esbuild/linux-arm': 0.18.1
      '@esbuild/linux-arm64': 0.18.1
      '@esbuild/linux-ia32': 0.18.1
      '@esbuild/linux-loong64': 0.18.1
      '@esbuild/linux-mips64el': 0.18.1
      '@esbuild/linux-ppc64': 0.18.1
      '@esbuild/linux-riscv64': 0.18.1
      '@esbuild/linux-s390x': 0.18.1
      '@esbuild/linux-x64': 0.18.1
      '@esbuild/netbsd-x64': 0.18.1
      '@esbuild/openbsd-x64': 0.18.1
      '@esbuild/sunos-x64': 0.18.1
      '@esbuild/win32-arm64': 0.18.1
      '@esbuild/win32-ia32': 0.18.1
      '@esbuild/win32-x64': 0.18.1
    dev: false
